
Microsoft Visual Studio Solution File, Format Version 12.00
# Visual Studio 2013
VisualStudioVersion = 12.0.30501.0
MinimumVisualStudioVersion = 10.0.40219.1
Project("{E24C65DC-7377-472B-9ABA-BC803B73C61A}") = "TiPCallback", "http://localhost:4959", "{A6A83D7D-9222-493A-9804-5DF02C937E48}"
	ProjectSection(WebsiteProperties) = preProject
		UseIISExpress = "true"
		TargetFrameworkMoniker = ".NETFramework,Version%3Dv4.5"
		Debug.AspNetCompiler.VirtualPath = "/localhost_4959"
		Debug.AspNetCompiler.PhysicalPath = "D:\RD\GitHub\TiPCallback\"
		Debug.AspNetCompiler.TargetPath = "PrecompiledWeb\localhost_4959\"
		Debug.AspNetCompiler.Updateable = "true"
		Debug.AspNetCompiler.ForceOverwrite = "true"
		Debug.AspNetCompiler.FixedNames = "false"
		Debug.AspNetCompiler.Debug = "True"
		Release.AspNetCompiler.VirtualPath = "/localhost_4959"
		Release.AspNetCompiler.PhysicalPath = "D:\RD\GitHub\TiPCallback\"
		Release.AspNetCompiler.TargetPath = "PrecompiledWeb\localhost_4959\"
		Release.AspNetCompiler.Updateable = "true"
		Release.AspNetCompiler.ForceOverwrite = "true"
		Release.AspNetCompiler.FixedNames = "false"
		Release.AspNetCompiler.Debug = "False"
		SlnRelativePath = "D:\RD\GitHub\TiPCallback\"
	EndProjectSection
EndProject
Global
	GlobalSection(SolutionConfigurationPlatforms) = preSolution
		Debug|Any CPU = Debug|Any CPU
	EndGlobalSection
	GlobalSection(ProjectConfigurationPlatforms) = postSolution
		{A6A83D7D-9222-493A-9804-5DF02C937E48}.Debug|Any CPU.ActiveCfg = Debug|Any CPU
		{A6A83D7D-9222-493A-9804-5DF02C937E48}.Debug|Any CPU.Build.0 = Debug|Any CPU
	EndGlobalSection
	GlobalSection(SolutionProperties) = preSolution
		HideSolutionNode = FALSE
	EndGlobalSection
EndGlobal
